// !$*UTF8*$!
{
	archiveVersion = 1;
	classes = {
	};
	objectVersion = 46;
	objects = {

/* Begin PBXBuildFile section */
		7302085F1BE9C8D30031E387 /* AppDelegate.swift in Sources */ = {isa = PBXBuildFile; fileRef = 7302085E1BE9C8D30031E387 /* AppDelegate.swift */; };
		730208611BE9C8D30031E387 /* ViewController.swift in Sources */ = {isa = PBXBuildFile; fileRef = 730208601BE9C8D30031E387 /* ViewController.swift */; };
		730208641BE9C8D30031E387 /* Main.storyboard in Resources */ = {isa = PBXBuildFile; fileRef = 730208621BE9C8D30031E387 /* Main.storyboard */; };
		730208661BE9C8D30031E387 /* Images.xcassets in Resources */ = {isa = PBXBuildFile; fileRef = 730208651BE9C8D30031E387 /* Images.xcassets */; };
		730208691BE9C8D30031E387 /* LaunchScreen.xib in Resources */ = {isa = PBXBuildFile; fileRef = 730208671BE9C8D30031E387 /* LaunchScreen.xib */; };
		730208751BE9C8D30031E387 /* HelloWorldTests.swift in Sources */ = {isa = PBXBuildFile; fileRef = 730208741BE9C8D30031E387 /* HelloWorldTests.swift */; };
/* End PBXBuildFile section */

/* Begin PBXContainerItemProxy section */
		7302086F1BE9C8D30031E387 /* PBXContainerItemProxy */ = {
			isa = PBXContainerItemProxy;
			containerPortal = 730208511BE9C8D30031E387 /* Project object */;
			proxyType = 1;
			remoteGlobalIDString = 730208581BE9C8D30031E387;
			remoteInfo = HelloWorld;
		};
/* End PBXContainerItemProxy section */

/* Begin PBXFileReference section */
		730208591BE9C8D30031E387 /* HelloWorld.app */ = {isa = PBXFileReference; explicitFileType = wrapper.application; includeInIndex = 0; path = HelloWorld.app; sourceTree = BUILT_PRODUCTS_DIR; };
		7302085D1BE9C8D30031E387 /* Info.plist */ = {isa = PBXFileReference; lastKnownFileType = text.plist.xml; path = Info.plist; sourceTree = "<group>"; };
		7302085E1BE9C8D30031E387 /* AppDelegate.swift */ = {isa = PBXFileReference; lastKnownFileType = sourcecode.swift; path = AppDelegate.swift; sourceTree = "<group>"; };
		730208601BE9C8D30031E387 /* ViewController.swift */ = {isa = PBXFileReference; lastKnownFileType = sourcecode.swift; path = ViewController.swift; sourceTree = "<group>"; };
		730208631BE9C8D30031E387 /* Base */ = {isa = PBXFileReference; lastKnownFileType = file.storyboard; name = Base; path = Base.lproj/Main.storyboard; sourceTree = "<group>"; };
		730208651BE9C8D30031E387 /* Images.xcassets */ = {isa = PBXFileReference; lastKnownFileType = folder.assetcatalog; path = Images.xcassets; sourceTree = "<group>"; };
		730208681BE9C8D30031E387 /* Base */ = {isa = PBXFileReference; lastKnownFileType = file.xib; name = Base; path = Base.lproj/LaunchScreen.xib; sourceTree = "<group>"; };
		7302086E1BE9C8D30031E387 /* HelloWorldTests.xctest */ = {isa = PBXFileReference; explicitFileType = wrapper.cfbundle; includeInIndex = 0; path = HelloWorldTests.xctest; sourceTree = BUILT_PRODUCTS_DIR; };
		730208731BE9C8D30031E387 /* Info.plist */ = {isa = PBXFileReference; lastKnownFileType = text.plist.xml; path = Info.plist; sourceTree = "<group>"; };
		730208741BE9C8D30031E387 /* HelloWorldTests.swift */ = {isa = PBXFileReference; lastKnownFileType = sourcecode.swift; path = HelloWorldTests.swift; sourceTree = "<group>"; };
/* End PBXFileReference section */

/* Begin PBXFrameworksBuildPhase section */
		730208561BE9C8D30031E387 /* Frameworks */ = {
			isa = PBXFrameworksBuildPhase;
			buildActionMask = 2147483647;
			files = (
			);
			runOnlyForDeploymentPostprocessing = 0;
		};
		7302086B1BE9C8D30031E387 /* Frameworks */ = {
			isa = PBXFrameworksBuildPhase;
			buildActionMask = 2147483647;
			files = (
			);
			runOnlyForDeploymentPostprocessing = 0;
		};
/* End PBXFrameworksBuildPhase section */

/* Begin PBXGroup section */
		730208501BE9C8D30031E387 = {
			isa = PBXGroup;
			children = (
				7302085B1BE9C8D30031E387 /* HelloWorld */,
				730208711BE9C8D30031E387 /* HelloWorldTests */,
				7302085A1BE9C8D30031E387 /* Products */,
			);
			sourceTree = "<group>";
		};
		7302085A1BE9C8D30031E387 /* Products */ = {
			isa = PBXGroup;
			children = (
				730208591BE9C8D30031E387 /* HelloWorld.app */,
				7302086E1BE9C8D30031E387 /* HelloWorldTests.xctest */,
			);
			name = Products;
			sourceTree = "<group>";
		};
		7302085B1BE9C8D30031E387 /* HelloWorld */ = {
			isa = PBXGroup;
			children = (
				7302085E1BE9C8D30031E387 /* AppDelegate.swift */,
				730208601BE9C8D30031E387 /* ViewController.swift */,
				730208621BE9C8D30031E387 /* Main.storyboard */,
				730208651BE9C8D30031E387 /* Images.xcassets */,
				730208671BE9C8D30031E387 /* LaunchScreen.xib */,
				7302085C1BE9C8D30031E387 /* Supporting Files */,
			);
			path = HelloWorld;
			sourceTree = "<group>";
		};
		7302085C1BE9C8D30031E387 /* Supporting Files */ = {
			isa = PBXGroup;
			children = (
				7302085D1BE9C8D30031E387 /* Info.plist */,
			);
			name = "Supporting Files";
			sourceTree = "<group>";
		};
		730208711BE9C8D30031E387 /* HelloWorldTests */ = {
			isa = PBXGroup;
			children = (
				730208741BE9C8D30031E387 /* HelloWorldTests.swift */,
				730208721BE9C8D30031E387 /* Supporting Files */,
			);
			path = HelloWorldTests;
			sourceTree = "<group>";
		};
		730208721BE9C8D30031E387 /* Supporting Files */ = {
			isa = PBXGroup;
			children = (
				730208731BE9C8D30031E387 /* Info.plist */,
			);
			name = "Supporting Files";
			sourceTree = "<group>";
		};
/* End PBXGroup section */

/* Begin PBXNativeTarget section */
		730208581BE9C8D30031E387 /* HelloWorld */ = {
			isa = PBXNativeTarget;
			buildConfigurationList = 730208781BE9C8D30031E387 /* Build configuration list for PBXNativeTarget "HelloWorld" */;
			buildPhases = (
				730208551BE9C8D30031E387 /* Sources */,
				730208561BE9C8D30031E387 /* Frameworks */,
				730208571BE9C8D30031E387 /* Resources */,
			);
			buildRules = (
			);
			dependencies = (
			);
			name = HelloWorld;
			productName = HelloWorld;
			productReference = 730208591BE9C8D30031E387 /* HelloWorld.app */;
			productType = "com.apple.product-type.application";
		};
		7302086D1BE9C8D30031E387 /* HelloWorldTests */ = {
			isa = PBXNativeTarget;
			buildConfigurationList = 7302087B1BE9C8D30031E387 /* Build configuration list for PBXNativeTarget "HelloWorldTests" */;
			buildPhases = (
				7302086A1BE9C8D30031E387 /* Sources */,
				7302086B1BE9C8D30031E387 /* Frameworks */,
				7302086C1BE9C8D30031E387 /* Resources */,
			);
			buildRules = (
			);
			dependencies = (
				730208701BE9C8D30031E387 /* PBXTargetDependency */,
			);
			name = HelloWorldTests;
			productName = HelloWorldTests;
			productReference = 7302086E1BE9C8D30031E387 /* HelloWorldTests.xctest */;
			productType = "com.apple.product-type.bundle.unit-test";
		};
/* End PBXNativeTarget section */

/* Begin PBXProject section */
		730208511BE9C8D30031E387 /* Project object */ = {
			isa = PBXProject;
			attributes = {
				LastUpgradeCheck = 0640;
				ORGANIZATIONNAME = "Paul Patarinski";
				TargetAttributes = {
					730208581BE9C8D30031E387 = {
						CreatedOnToolsVersion = 6.4;
					};
					7302086D1BE9C8D30031E387 = {
						CreatedOnToolsVersion = 6.4;
						TestTargetID = 730208581BE9C8D30031E387;
					};
				};
			};
			buildConfigurationList = 730208541BE9C8D30031E387 /* Build configuration list for PBXProject "HelloWorld" */;
			compatibilityVersion = "Xcode 3.2";
			developmentRegion = English;
			hasScannedForEncodings = 0;
			knownRegions = (
				en,
				Base,
			);
			mainGroup = 730208501BE9C8D30031E387;
			productRefGroup = 7302085A1BE9C8D30031E387 /* Products */;
			projectDirPath = "";
			projectRoot = "";
			targets = (
				730208581BE9C8D30031E387 /* HelloWorld */,
				7302086D1BE9C8D30031E387 /* HelloWorldTests */,
			);
		};
/* End PBXProject section */

/* Begin PBXResourcesBuildPhase section */
		730208571BE9C8D30031E387 /* Resources */ = {
			isa = PBXResourcesBuildPhase;
			buildActionMask = 2147483647;
			files = (
				730208641BE9C8D30031E387 /* Main.storyboard in Resources */,
				730208691BE9C8D30031E387 /* LaunchScreen.xib in Resources */,
				730208661BE9C8D30031E387 /* Images.xcassets in Resources */,
			);
			runOnlyForDeploymentPostprocessing = 0;
		};
		7302086C1BE9C8D30031E387 /* Resources */ = {
			isa = PBXResourcesBuildPhase;
			buildActionMask = 2147483647;
			files = (
			);
			runOnlyForDeploymentPostprocessing = 0;
		};
/* End PBXResourcesBuildPhase section */

/* Begin PBXSourcesBuildPhase section */
		730208551BE9C8D30031E387 /* Sources */ = {
			isa = PBXSourcesBuildPhase;
			buildActionMask = 2147483647;
			files = (
				730208611BE9C8D30031E387 /* ViewController.swift in Sources */,
				7302085F1BE9C8D30031E387 /* AppDelegate.swift in Sources */,
			);
			runOnlyForDeploymentPostprocessing = 0;
		};
		7302086A1BE9C8D30031E387 /* Sources */ = {
			isa = PBXSourcesBuildPhase;
			buildActionMask = 2147483647;
			files = (
				730208751BE9C8D30031E387 /* HelloWorldTests.swift in Sources */,
			);
			runOnlyForDeploymentPostprocessing = 0;
		};
/* End PBXSourcesBuildPhase section */

/* Begin PBXTargetDependency section */
		730208701BE9C8D30031E387 /* PBXTargetDependency */ = {
			isa = PBXTargetDependency;
			target = 730208581BE9C8D30031E387 /* HelloWorld */;
			targetProxy = 7302086F1BE9C8D30031E387 /* PBXContainerItemProxy */;
		};
/* End PBXTargetDependency section */

/* Begin PBXVariantGroup section */
		730208621BE9C8D30031E387 /* Main.storyboard */ = {
			isa = PBXVariantGroup;
			children = (
				730208631BE9C8D30031E387 /* Base */,
			);
			name = Main.storyboard;
			sourceTree = "<group>";
		};
		730208671BE9C8D30031E387 /* LaunchScreen.xib */ = {
			isa = PBXVariantGroup;
			children = (
				730208681BE9C8D30031E387 /* Base */,
			);
			name = LaunchScreen.xib;
			sourceTree = "<group>";
		};
/* End PBXVariantGroup section */

/* Begin XCBuildConfiguration section */
		730208761BE9C8D30031E387 /* Debug */ = {
			isa = XCBuildConfiguration;
			buildSettings = {
				ALWAYS_SEARCH_USER_PATHS = NO;
				CLANG_CXX_LANGUAGE_STANDARD = "gnu++0x";
				CLANG_CXX_LIBRARY = "libc++";
				CLANG_ENABLE_MODULES = YES;
				CLANG_ENABLE_OBJC_ARC = YES;
				CLANG_WARN_BOOL_CONVERSION = YES;
				CLANG_WARN_CONSTANT_CONVERSION = YES;
				CLANG_WARN_DIRECT_OBJC_ISA_USAGE = YES_ERROR;
				CLANG_WARN_EMPTY_BODY = YES;
				CLANG_WARN_ENUM_CONVERSION = YES;
				CLANG_WARN_INT_CONVERSION = YES;
				CLANG_WARN_OBJC_ROOT_CLASS = YES_ERROR;
				CLANG_WARN_UNREACHABLE_CODE = YES;
				CLANG_WARN__DUPLICATE_METHOD_MATCH = YES;
				"CODE_SIGN_IDENTITY[sdk=iphoneos*]" = "iPhone Developer";
				COPY_PHASE_STRIP = NO;
				DEBUG_INFORMATION_FORMAT = "dwarf-with-dsym";
				ENABLE_STRICT_OBJC_MSGSEND = YES;
				GCC_C_LANGUAGE_STANDARD = gnu99;
				GCC_DYNAMIC_NO_PIC = NO;
				GCC_NO_COMMON_BLOCKS = YES;
				GCC_OPTIMIZATION_LEVEL = 0;
				GCC_PREPROCESSOR_DEFINITIONS = (
					"DEBUG=1",
					"$(inherited)",
				);
				GCC_SYMBOLS_PRIVATE_EXTERN = NO;
				GCC_WARN_64_TO_32_BIT_CONVERSION = YES;
				GCC_WARN_ABOUT_RETURN_TYPE = YES_ERROR;
				GCC_WARN_UNDECLARED_SELECTOR = YES;
				GCC_WARN_UNINITIALIZED_AUTOS = YES_AGGRESSIVE;
				GCC_WARN_UNUSED_FUNCTION = YES;
				GCC_WARN_UNUSED_VARIABLE = YES;
				IPHONEOS_DEPLOYMENT_TARGET = 8.4;
				MTL_ENABLE_DEBUG_INFO = YES;
				ONLY_ACTIVE_ARCH = YES;
				SDKROOT = iphoneos;
				SWIFT_OPTIMIZATION_LEVEL = "-Onone";
			};
			name = Debug;
		};
		730208771BE9C8D30031E387 /* Release */ = {
			isa = XCBuildConfiguration;
			buildSettings = {
				ALWAYS_SEARCH_USER_PATHS = NO;
				CLANG_CXX_LANGUAGE_STANDARD = "gnu++0x";
				CLANG_CXX_LIBRARY = "libc++";
				CLANG_ENABLE_MODULES = YES;
				CLANG_ENABLE_OBJC_ARC = YES;
				CLANG_WARN_BOOL_CONVERSION = YES;
				CLANG_WARN_CONSTANT_CONVERSION = YES;
				CLANG_WARN_DIRECT_OBJC_ISA_USAGE = YES_ERROR;
				CLANG_WARN_EMPTY_BODY = YES;
				CLANG_WARN_ENUM_CONVERSION = YES;
				CLANG_WARN_INT_CONVERSION = YES;
				CLANG_WARN_OBJC_ROOT_CLASS = YES_ERROR;
				CLANG_WARN_UNREACHABLE_CODE = YES;
				CLANG_WARN__DUPLICATE_METHOD_MATCH = YES;
				"CODE_SIGN_IDENTITY[sdk=iphoneos*]" = "iPhone Developer";
				COPY_PHASE_STRIP = NO;
				DEBUG_INFORMATION_FORMAT = "dwarf-with-dsym";
				ENABLE_NS_ASSERTIONS = NO;
				ENABLE_STRICT_OBJC_MSGSEND = YES;
				GCC_C_LANGUAGE_STANDARD = gnu99;
				GCC_NO_COMMON_BLOCKS = YES;
				GCC_WARN_64_TO_32_BIT_CONVERSION = YES;
				GCC_WARN_ABOUT_RETURN_TYPE = YES_ERROR;
				GCC_WARN_UNDECLARED_SELECTOR = YES;
				GCC_WARN_UNINITIALIZED_AUTOS = YES_AGGRESSIVE;
				GCC_WARN_UNUSED_FUNCTION = YES;
				GCC_WARN_UNUSED_VARIABLE = YES;
				IPHONEOS_DEPLOYMENT_TARGET = 8.4;
				MTL_ENABLE_DEBUG_INFO = NO;
				SDKROOT = iphoneos;
				VALIDATE_PRODUCT = YES;
			};
			name = Release;
		};
		730208791BE9C8D30031E387 /* Debug */ = {
			isa = XCBuildConfiguration;
			buildSettings = {
				ASSETCATALOG_COMPILER_APPICON_NAME = AppIcon;
				INFOPLIST_FILE = HelloWorld/Info.plist;
				LD_RUNPATH_SEARCH_PATHS = "$(inherited) @executable_path/Frameworks";
				"OTHER_LDFLAGS[arch=*]" = (
					"-framework",
					CFNetwork,
				);
				PRODUCT_NAME = "$(TARGET_NAME)";
			};
			name = Debug;
		};
		7302087A1BE9C8D30031E387 /* Release */ = {
			isa = XCBuildConfiguration;
			buildSettings = {
				ASSETCATALOG_COMPILER_APPICON_NAME = AppIcon;
				INFOPLIST_FILE = HelloWorld/Info.plist;
				LD_RUNPATH_SEARCH_PATHS = "$(inherited) @executable_path/Frameworks";
				PRODUCT_NAME = "$(TARGET_NAME)";
			};
			name = Release;
		};
		7302087C1BE9C8D30031E387 /* Debug */ = {
			isa = XCBuildConfiguration;
			buildSettings = {
				BUNDLE_LOADER = "$(TEST_HOST)";
				FRAMEWORK_SEARCH_PATHS = (
					"$(SDKROOT)/Developer/Library/Frameworks",
					"$(inherited)",
				);
				GCC_PREPROCESSOR_DEFINITIONS = (
					"DEBUG=1",
					"$(inherited)",
				);
				INFOPLIST_FILE = HelloWorldTests/Info.plist;
				LD_RUNPATH_SEARCH_PATHS = "$(inherited) @executable_path/Frameworks @loader_path/Frameworks";
				PRODUCT_NAME = "$(TARGET_NAME)";
				TEST_HOST = "$(BUILT_PRODUCTS_DIR)/HelloWorld.app/HelloWorld";
			};
			name = Debug;
		};
		7302087D1BE9C8D30031E387 /* Release */ = {
			isa = XCBuildConfiguration;
			buildSettings = {
				BUNDLE_LOADER = "$(TEST_HOST)";
				FRAMEWORK_SEARCH_PATHS = (
					"$(SDKROOT)/Developer/Library/Frameworks",
					"$(inherited)",
				);
				INFOPLIST_FILE = HelloWorldTests/Info.plist;
				LD_RUNPATH_SEARCH_PATHS = "$(inherited) @executable_path/Frameworks @loader_path/Frameworks";
				PRODUCT_NAME = "$(TARGET_NAME)";
				TEST_HOST = "$(BUILT_PRODUCTS_DIR)/HelloWorld.app/HelloWorld";
			};
			name = Release;
		};
/* End XCBuildConfiguration section */

/* Begin XCConfigurationList section */
		730208541BE9C8D30031E387 /* Build configuration list for PBXProject "HelloWorld" */ = {
			isa = XCConfigurationList;
			buildConfigurations = (
				730208761BE9C8D30031E387 /* Debug */,
				730208771BE9C8D30031E387 /* Release */,
			);
			defaultConfigurationIsVisible = 0;
			defaultConfigurationName = Release;
		};
		730208781BE9C8D30031E387 /* Build configuration list for PBXNativeTarget "HelloWorld" */ = {
			isa = XCConfigurationList;
			buildConfigurations = (
				730208791BE9C8D30031E387 /* Debug */,
				7302087A1BE9C8D30031E387 /* Release */,
			);
			defaultConfigurationIsVisible = 0;
			defaultConfigurationName = Release;
		};
		7302087B1BE9C8D30031E387 /* Build configuration list for PBXNativeTarget "HelloWorldTests" */ = {
			isa = XCConfigurationList;
			buildConfigurations = (
				7302087C1BE9C8D30031E387 /* Debug */,
				7302087D1BE9C8D30031E387 /* Release */,
			);
			defaultConfigurationIsVisible = 0;
			defaultConfigurationName = Release;
		};
/* End XCConfigurationList section */
	};
	rootObject = 730208511BE9C8D30031E387 /* Project object */;
}
