
Microsoft Visual Studio Solution File, Format Version 12.00
# Visual Studio 2012
Project("{FAE04EC0-301F-11D3-BF4B-00C04F79EFBC}") = "Xamarin_Forms", "Xamarin_Forms\Xamarin_Forms.csproj", "{7693A53F-1E81-48BE-8F11-10F5F0735964}"
EndProject
Project("{FAE04EC0-301F-11D3-BF4B-00C04F79EFBC}") = "Xamarin_Forms.iOS", "iOS\Xamarin_Forms.iOS.csproj", "{8F3617B8-7876-4E84-B763-F3AB12AACAC4}"
EndProject
Project("{FAE04EC0-301F-11D3-BF4B-00C04F79EFBC}") = "Xamarin_Forms.Droid", "Droid\Xamarin_Forms.Droid.csproj", "{4505ECB5-81A8-4F79-8FB8-44D172D8B9B0}"
EndProject
Global
	GlobalSection(SolutionConfigurationPlatforms) = preSolution
		Debug|Any CPU = Debug|Any CPU
		Release|Any CPU = Release|Any CPU
		Debug|iPhoneSimulator = Debug|iPhoneSimulator
		Release|iPhone = Release|iPhone
		Release|iPhoneSimulator = Release|iPhoneSimulator
		Debug|iPhone = Debug|iPhone
	EndGlobalSection
	GlobalSection(ProjectConfigurationPlatforms) = postSolution
		{4505ECB5-81A8-4F79-8FB8-44D172D8B9B0}.Debug|Any CPU.ActiveCfg = Debug|Any CPU
		{4505ECB5-81A8-4F79-8FB8-44D172D8B9B0}.Debug|Any CPU.Build.0 = Debug|Any CPU
		{4505ECB5-81A8-4F79-8FB8-44D172D8B9B0}.Debug|iPhone.ActiveCfg = Debug|Any CPU
		{4505ECB5-81A8-4F79-8FB8-44D172D8B9B0}.Debug|iPhone.Build.0 = Debug|Any CPU
		{4505ECB5-81A8-4F79-8FB8-44D172D8B9B0}.Debug|iPhoneSimulator.ActiveCfg = Debug|Any CPU
		{4505ECB5-81A8-4F79-8FB8-44D172D8B9B0}.Debug|iPhoneSimulator.Build.0 = Debug|Any CPU
		{4505ECB5-81A8-4F79-8FB8-44D172D8B9B0}.Release|Any CPU.ActiveCfg = Release|Any CPU
		{4505ECB5-81A8-4F79-8FB8-44D172D8B9B0}.Release|Any CPU.Build.0 = Release|Any CPU
		{4505ECB5-81A8-4F79-8FB8-44D172D8B9B0}.Release|iPhone.ActiveCfg = Release|Any CPU
		{4505ECB5-81A8-4F79-8FB8-44D172D8B9B0}.Release|iPhone.Build.0 = Release|Any CPU
		{4505ECB5-81A8-4F79-8FB8-44D172D8B9B0}.Release|iPhoneSimulator.ActiveCfg = Release|Any CPU
		{4505ECB5-81A8-4F79-8FB8-44D172D8B9B0}.Release|iPhoneSimulator.Build.0 = Release|Any CPU
		{7693A53F-1E81-48BE-8F11-10F5F0735964}.Debug|Any CPU.ActiveCfg = Debug|Any CPU
		{7693A53F-1E81-48BE-8F11-10F5F0735964}.Debug|Any CPU.Build.0 = Debug|Any CPU
		{7693A53F-1E81-48BE-8F11-10F5F0735964}.Debug|iPhone.ActiveCfg = Debug|Any CPU
		{7693A53F-1E81-48BE-8F11-10F5F0735964}.Debug|iPhone.Build.0 = Debug|Any CPU
		{7693A53F-1E81-48BE-8F11-10F5F0735964}.Debug|iPhoneSimulator.ActiveCfg = Debug|Any CPU
		{7693A53F-1E81-48BE-8F11-10F5F0735964}.Debug|iPhoneSimulator.Build.0 = Debug|Any CPU
		{7693A53F-1E81-48BE-8F11-10F5F0735964}.Release|Any CPU.ActiveCfg = Release|Any CPU
		{7693A53F-1E81-48BE-8F11-10F5F0735964}.Release|Any CPU.Build.0 = Release|Any CPU
		{7693A53F-1E81-48BE-8F11-10F5F0735964}.Release|iPhone.ActiveCfg = Release|Any CPU
		{7693A53F-1E81-48BE-8F11-10F5F0735964}.Release|iPhone.Build.0 = Release|Any CPU
		{7693A53F-1E81-48BE-8F11-10F5F0735964}.Release|iPhoneSimulator.ActiveCfg = Release|Any CPU
		{7693A53F-1E81-48BE-8F11-10F5F0735964}.Release|iPhoneSimulator.Build.0 = Release|Any CPU
		{8F3617B8-7876-4E84-B763-F3AB12AACAC4}.Debug|Any CPU.ActiveCfg = Debug|iPhoneSimulator
		{8F3617B8-7876-4E84-B763-F3AB12AACAC4}.Debug|iPhone.ActiveCfg = Debug|iPhone
		{8F3617B8-7876-4E84-B763-F3AB12AACAC4}.Debug|iPhone.Build.0 = Debug|iPhone
		{8F3617B8-7876-4E84-B763-F3AB12AACAC4}.Debug|iPhoneSimulator.ActiveCfg = Debug|iPhoneSimulator
		{8F3617B8-7876-4E84-B763-F3AB12AACAC4}.Debug|iPhoneSimulator.Build.0 = Debug|iPhoneSimulator
		{8F3617B8-7876-4E84-B763-F3AB12AACAC4}.Release|Any CPU.ActiveCfg = Release|iPhone
		{8F3617B8-7876-4E84-B763-F3AB12AACAC4}.Release|Any CPU.Build.0 = Release|iPhone
		{8F3617B8-7876-4E84-B763-F3AB12AACAC4}.Release|iPhone.ActiveCfg = Release|iPhone
		{8F3617B8-7876-4E84-B763-F3AB12AACAC4}.Release|iPhone.Build.0 = Release|iPhone
		{8F3617B8-7876-4E84-B763-F3AB12AACAC4}.Release|iPhoneSimulator.ActiveCfg = Release|iPhoneSimulator
		{8F3617B8-7876-4E84-B763-F3AB12AACAC4}.Release|iPhoneSimulator.Build.0 = Release|iPhoneSimulator
	EndGlobalSection
EndGlobal
